
Microsoft Visual Studio Solution File, Format Version 12.00
# Visual Studio Version 17
VisualStudioVersion = 17.7.34031.279
MinimumVisualStudioVersion = 10.0.40219.1
Project("{FAE04EC0-301F-11D3-BF4B-00C04F79EFBC}") = "WebApplication10", "WebApplication10.csproj", "{B3575804-851A-4ACB-96A6-C35D3051745E}"
EndProject
Global
	GlobalSection(SolutionConfigurationPlatforms) = preSolution
		Debug|Any CPU = Debug|Any CPU
		Release|Any CPU = Release|Any CPU
	EndGlobalSection
	GlobalSection(ProjectConfigurationPlatforms) = postSolution
		{B3575804-851A-4ACB-96A6-C35D3051745E}.Debug|Any CPU.ActiveCfg = Debug|Any CPU
		{B3575804-851A-4ACB-96A6-C35D3051745E}.Debug|Any CPU.Build.0 = Debug|Any CPU
		{B3575804-851A-4ACB-96A6-C35D3051745E}.Release|Any CPU.ActiveCfg = Release|Any CPU
		{B3575804-851A-4ACB-96A6-C35D3051745E}.Release|Any CPU.Build.0 = Release|Any CPU
	EndGlobalSection
	GlobalSection(SolutionProperties) = preSolution
		HideSolutionNode = FALSE
	EndGlobalSection
	GlobalSection(ExtensibilityGlobals) = postSolution
		SolutionGuid = {F6C85F50-3C6E-4E64-A2D5-28E5C72271EE}
	EndGlobalSection
EndGlobal
